{
  "version": "5",
  "specifiers": {
    "jsr:@std/assert@*": "1.0.19",
    "jsr:@std/internal@^1.0.12": "1.0.13",
    "npm:@zhin.js/adapter-sandbox@3.0.2": "3.0.2_@zhin.js+client@1.1.2__react@19.2.6_@zhin.js+console@3.0.2__@types+ws@8.18.1__@zhin.js+agent@0.1.23___zhin.js@1.0.83__@zhin.js+client@1.1.2___react@19.2.6__@zhin.js+core@1.1.25___zhin.js@1.0.83__@zhin.js+http@1.0.76___zhin.js@1.0.83__@zhin.js+http-host@0.1.2__koa@3.2.1__zhin.js@1.0.83__react@19.2.6_@zhin.js+core@1.1.25__zhin.js@1.0.83_@zhin.js+http@1.0.76__zhin.js@1.0.83_zhin.js@1.0.83_@types+ws@8.18.1_@zhin.js+agent@0.1.23__zhin.js@1.0.83_@zhin.js+http-host@0.1.2_koa@3.2.1_react@19.2.6",
    "npm:@zhin.js/agent@*": "0.1.23_zhin.js@1.0.83",
    "npm:@zhin.js/agent@0.1.21": "0.1.21_pg@8.16.3_zhin.js@1.0.81__pg@8.16.3",
    "npm:@zhin.js/agent@0.1.23": "0.1.23_zhin.js@1.0.83",
    "npm:@zhin.js/ai@1.1.23": "1.1.23_zhin.js@1.0.83",
    "npm:@zhin.js/console-types@0.1.0": "0.1.0",
    "npm:@zhin.js/console@3.0.2": "3.0.2_@types+ws@8.18.1_@zhin.js+agent@0.1.23__zhin.js@1.0.83_@zhin.js+client@1.1.2__react@19.2.6_@zhin.js+core@1.1.25__zhin.js@1.0.83_@zhin.js+http@1.0.76__zhin.js@1.0.83_@zhin.js+http-host@0.1.2_koa@3.2.1_zhin.js@1.0.83_react@19.2.6",
    "npm:@zhin.js/core@*": "1.1.25_zhin.js@1.0.83",
    "npm:@zhin.js/core@1.1.23": "1.1.23_pg@8.16.3_zhin.js@1.0.81__pg@8.16.3",
    "npm:@zhin.js/core@1.1.25": "1.1.25_zhin.js@1.0.83",
    "npm:@zhin.js/database@1.0.68": "1.0.68_zhin.js@1.0.83",
    "npm:@zhin.js/http-host@0.1.2": "0.1.2",
    "npm:@zhin.js/http@1.0.76": "1.0.76_zhin.js@1.0.83",
    "npm:@zhin.js/kernel@0.0.42": "0.0.42_zhin.js@1.0.83",
    "npm:@zhin.js/logger@0.1.65": "0.1.65_zhin.js@1.0.83",
    "npm:@zhin.js/queue-runtime@0.0.1": "0.0.1_zhin.js@1.0.83",
    "npm:@zhin.js/schema@1.0.65": "1.0.65_zhin.js@1.0.83",
    "npm:@zhin.js/storage-port@0.0.0": "0.0.0"
  },
  "jsr": {
    "@std/assert@1.0.19": {
      "integrity": "eaada96ee120cb980bc47e040f82814d786fe8162ecc53c91d8df60b8755991e",
      "dependencies": [
        "jsr:@std/internal"
      ]
    },
    "@std/internal@1.0.13": {
      "integrity": "2f9546691d4ac2d32859c82dff284aaeac980ddeca38430d07941e7e288725c0"
    }
  },
  "npm": {
    "@esbuild/aix-ppc64@0.28.0": {
      "integrity": "sha512-lhRUCeuOyJQURhTxl4WkpFTjIsbDayJHih5kZC1giwE+MhIzAb7mEsQMqMf18rHLsrb5qI1tafG20mLxEWcWlA==",
      "os": ["aix"],
      "cpu": ["ppc64"]
    },
    "@esbuild/android-arm64@0.28.0": {
      "integrity": "sha512-+WzIXQOSaGs33tLEgYPYe/yQHf0WTU0X42Jca3y8NWMbUVhp7rUnw+vAsRC/QiDrdD31IszMrZy+qwPOPjd+rw==",
      "os": ["android"],
      "cpu": ["arm64"]
    },
    "@esbuild/android-arm@0.28.0": {
      "integrity": "sha512-wqh0ByljabXLKHeWXYLqoJ5jKC4XBaw6Hk08OfMrCRd2nP2ZQ5eleDZC41XHyCNgktBGYMbqnrJKq/K/lzPMSQ==",
      "os": ["android"],
      "cpu": ["arm"]
    },
    "@esbuild/android-x64@0.28.0": {
      "integrity": "sha512-+VJggoaKhk2VNNqVL7f6S189UzShHC/mR9EE8rDdSkdpN0KflSwWY/gWjDrNxxisg8Fp1ZCD9jLMo4m0OUfeUA==",
      "os": ["android"],
      "cpu": ["x64"]
    },
    "@esbuild/darwin-arm64@0.28.0": {
      "integrity": "sha512-0T+A9WZm+bZ84nZBtk1ckYsOvyA3x7e2Acj1KdVfV4/2tdG4fzUp91YHx+GArWLtwqp77pBXVCPn2We7Letr0Q==",
      "os": ["darwin"],
      "cpu": ["arm64"]
    },
    "@esbuild/darwin-x64@0.28.0": {
      "integrity": "sha512-fyzLm/DLDl/84OCfp2f/XQ4flmORsjU7VKt8HLjvIXChJoFFOIL6pLJPH4Yhd1n1gGFF9mPwtlN5Wf82DZs+LQ==",
      "os": ["darwin"],
      "cpu": ["x64"]
    },
    "@esbuild/freebsd-arm64@0.28.0": {
      "integrity": "sha512-l9GeW5UZBT9k9brBYI+0WDffcRxgHQD8ShN2Ur4xWq/NFzUKm3k5lsH4PdaRgb2w7mI9u61nr2gI2mLI27Nh3Q==",
      "os": ["freebsd"],
      "cpu": ["arm64"]
    },
    "@esbuild/freebsd-x64@0.28.0": {
      "integrity": "sha512-BXoQai/A0wPO6Es3yFJ7APCiKGc1tdAEOgeTNy3SsB491S3aHn4S4r3e976eUnPdU+NbdtmBuLncYir2tMU9Nw==",
      "os": ["freebsd"],
      "cpu": ["x64"]
    },
    "@esbuild/linux-arm64@0.28.0": {
      "integrity": "sha512-RVyzfb3FWsGA55n6WY0MEIEPURL1FcbhFE6BffZEMEekfCzCIMtB5yyDcFnVbTnwk+CLAgTujmV/Lgvih56W+A==",
      "os": ["linux"],
      "cpu": ["arm64"]
    },
    "@esbuild/linux-arm@0.28.0": {
      "integrity": "sha512-CjaaREJagqJp7iTaNQjjidaNbCKYcd4IDkzbwwxtSvjI7NZm79qiHc8HqciMddQ6CKvJT6aBd8lO9kN/ZudLlw==",
      "os": ["linux"],
      "cpu": ["arm"]
    },
    "@esbuild/linux-ia32@0.28.0": {
      "integrity": "sha512-KBnSTt1kxl9x70q+ydterVdl+Cn0H18ngRMRCEQfrbqdUuntQQ0LoMZv47uB97NljZFzY6HcfqEZ2SAyIUTQBQ==",
      "os": ["linux"],
      "cpu": ["ia32"]
    },
    "@esbuild/linux-loong64@0.28.0": {
      "integrity": "sha512-zpSlUce1mnxzgBADvxKXX5sl8aYQHo2ezvMNI8I0lbblJtp8V4odlm3Yzlj7gPyt3T8ReksE6bK+pT3WD+aJRg==",
      "os": ["linux"],
      "cpu": ["loong64"]
    },
    "@esbuild/linux-mips64el@0.28.0": {
      "integrity": "sha512-2jIfP6mmjkdmeTlsX/9vmdmhBmKADrWqN7zcdtHIeNSCH1SqIoNI63cYsjQR8J+wGa4Y5izRcSHSm8K3QWmk3w==",
      "os": ["linux"],
      "cpu": ["mips64el"]
    },
    "@esbuild/linux-ppc64@0.28.0": {
      "integrity": "sha512-bc0FE9wWeC0WBm49IQMPSPILRocGTQt3j5KPCA8os6VprfuJ7KD+5PzESSrJ6GmPIPJK965ZJHTUlSA6GNYEhg==",
      "os": ["linux"],
      "cpu": ["ppc64"]
    },
    "@esbuild/linux-riscv64@0.28.0": {
      "integrity": "sha512-SQPZOwoTTT/HXFXQJG/vBX8sOFagGqvZyXcgLA3NhIqcBv1BJU1d46c0rGcrij2B56Z2rNiSLaZOYW5cUk7yLQ==",
      "os": ["linux"],
      "cpu": ["riscv64"]
    },
    "@esbuild/linux-s390x@0.28.0": {
      "integrity": "sha512-SCfR0HN8CEEjnYnySJTd2cw0k9OHB/YFzt5zgJEwa+wL/T/raGWYMBqwDNAC6dqFKmJYZoQBRfHjgwLHGSrn3Q==",
      "os": ["linux"],
      "cpu": ["s390x"]
    },
    "@esbuild/linux-x64@0.28.0": {
      "integrity": "sha512-us0dSb9iFxIi8srnpl931Nvs65it/Jd2a2K3qs7fz2WfGPHqzfzZTfec7oxZJRNPXPnNYZtanmRc4AL/JwVzHQ==",
      "os": ["linux"],
      "cpu": ["x64"]
    },
    "@esbuild/netbsd-arm64@0.28.0": {
      "integrity": "sha512-CR/RYotgtCKwtftMwJlUU7xCVNg3lMYZ0RzTmAHSfLCXw3NtZtNpswLEj/Kkf6kEL3Gw+BpOekRX0BYCtklhUw==",
      "os": ["netbsd"],
      "cpu": ["arm64"]
    },
    "@esbuild/netbsd-x64@0.28.0": {
      "integrity": "sha512-nU1yhmYutL+fQ71Kxnhg8uEOdC0pwEW9entHykTgEbna2pw2dkbFSMeqjjyHZoCmt8SBkOSvV+yNmm94aUrrqw==",
      "os": ["netbsd"],
      "cpu": ["x64"]
    },
    "@esbuild/openbsd-arm64@0.28.0": {
      "integrity": "sha512-cXb5vApOsRsxsEl4mcZ1XY3D4DzcoMxR/nnc4IyqYs0rTI8ZKmW6kyyg+11Z8yvgMfAEldKzP7AdP64HnSC/6g==",
      "os": ["openbsd"],
      "cpu": ["arm64"]
    },
    "@esbuild/openbsd-x64@0.28.0": {
      "integrity": "sha512-8wZM2qqtv9UP3mzy7HiGYNH/zjTA355mpeuA+859TyR+e+Tc08IHYpLJuMsfpDJwoLo1ikIJI8jC3GFjnRClzA==",
      "os": ["openbsd"],
      "cpu": ["x64"]
    },
    "@esbuild/openharmony-arm64@0.28.0": {
      "integrity": "sha512-FLGfyizszcef5C3YtoyQDACyg95+dndv79i2EekILBofh5wpCa1KuBqOWKrEHZg3zrL3t5ouE5jgr94vA+Wb2w==",
      "os": ["openharmony"],
      "cpu": ["arm64"]
    },
    "@esbuild/sunos-x64@0.28.0": {
      "integrity": "sha512-1ZgjUoEdHZZl/YlV76TSCz9Hqj9h9YmMGAgAPYd+q4SicWNX3G5GCyx9uhQWSLcbvPW8Ni7lj4gDa1T40akdlw==",
      "os": ["sunos"],
      "cpu": ["x64"]
    },
    "@esbuild/win32-arm64@0.28.0": {
      "integrity": "sha512-Q9StnDmQ/enxnpxCCLSg0oo4+34B9TdXpuyPeTedN/6+iXBJ4J+zwfQI28u/Jl40nOYAxGoNi7mFP40RUtkmUA==",
      "os": ["win32"],
      "cpu": ["arm64"]
    },
    "@esbuild/win32-ia32@0.28.0": {
      "integrity": "sha512-zF3ag/gfiCe6U2iczcRzSYJKH1DCI+ByzSENHlM2FcDbEeo5Zd2C86Aq0tKUYAJJ1obRP84ymxIAksZUcdztHA==",
      "os": ["win32"],
      "cpu": ["ia32"]
    },
    "@esbuild/win32-x64@0.28.0": {
      "integrity": "sha512-pEl1bO9mfAmIC+tW5btTmrKaujg3zGtUmWNdCw/xs70FBjwAL3o9OEKNHvNmnyylD6ubxUERiEhdsL0xBQ9efw==",
      "os": ["win32"],
      "cpu": ["x64"]
    },
    "@hapi/bourne@3.0.0": {
      "integrity": "sha512-Waj1cwPXJDucOib4a3bAISsKJVb15MKi9IvmTI/7ssVEm6sywXGjVJDhl6/umt1pK1ZS7PacXU3A1PmFKHEZ2w=="
    },
    "@koa/router@15.5.0_koa@2.16.4": {
      "integrity": "sha512-KSC0oG/5t6ITu5wqX4lJseA/dngoj14hEaohrLZEXtlUT2RRyJvwaJ0KV+5uQoaWrY3A8ClHOrBEU4g8dujn8Q==",
      "dependencies": [
        "debug@4.4.3",
        "http-errors@2.0.1",
        "koa@2.16.4",
        "koa-compose",
        "path-to-regexp"
      ]
    },
    "@noble/hashes@1.8.0": {
      "integrity": "sha512-jCs9ldd7NwzpgXDIf6P3+NrHh9/sD6CQdxHyjQI+h/6rDNo88ypBxxz45UDuZHz9r3tNz7N/VInSVoVdtXEI4A=="
    },
    "@paralleldrive/cuid2@2.3.1": {
      "integrity": "sha512-XO7cAxhnTZl0Yggq6jOgjiOHhbgcO4NqFqwSmQpjK3b6TEE6Uj/jfSk6wzYyemh3+I0sHirKSetjQwn5cZktFw==",
      "dependencies": [
        "@noble/hashes"
      ]
    },
    "@types/accepts@1.3.7": {
      "integrity": "sha512-Pay9fq2lM2wXPWbteBsRAGiWH2hig4ZE2asK+mm7kUzlxRTfL961rj89I6zV/E3PcIkDqyuBEcMxFT7rccugeQ==",
      "dependencies": [
        "@types/node"
      ]
    },
    "@types/body-parser@1.19.6": {
      "integrity": "sha512-HLFeCYgz89uk22N5Qg3dvGvsv46B8GLvKKo1zKG4NybA8U2DiEO3w9lqGg29t/tfLRJpJ6iQxnVw4OnB7MoM9g==",
      "dependencies": [
        "@types/connect",
        "@types/node"
      ]
    },
    "@types/co-body@6.1.3": {
      "integrity": "sha512-UhuhrQ5hclX6UJctv5m4Rfp52AfG9o9+d9/HwjxhVB5NjXxr5t9oKgJxN8xRHgr35oo8meUEHUPFWiKg6y71aA==",
      "dependencies": [
        "@types/node",
        "@types/qs"
      ]
    },
    "@types/connect@3.4.38": {
      "integrity": "sha512-K6uROf1LD88uDQqJCktA4yzL1YYAK6NgfsI0v/mTgyPKWsX1CnJ0XPSDhViejru1GcRkLWb8RlzFYJRqGUbaug==",
      "dependencies": [
        "@types/node"
      ]
    },
    "@types/content-disposition@0.5.9": {
      "integrity": "sha512-8uYXI3Gw35MhiVYhG3s295oihrxRyytcRHjSjqnqZVDDy/xcGBRny7+Xj1Wgfhv5QzRtN2hB2dVRBUX9XW3UcQ=="
    },
    "@types/cookies@0.9.2": {
      "integrity": "sha512-1AvkDdZM2dbyFybL4fxpuNCaWyv//0AwsuUk2DWeXyM1/5ZKm6W3z6mQi24RZ4l2ucY+bkSHzbDVpySqPGuV8A==",
      "dependencies": [
        "@types/connect",
        "@types/express",
        "@types/keygrip",
        "@types/node"
      ]
    },
    "@types/express-serve-static-core@5.1.1": {
      "integrity": "sha512-v4zIMr/cX7/d2BpAEX3KNKL/JrT1s43s96lLvvdTmza1oEvDudCqK9aF/djc/SWgy8Yh0h30TZx5VpzqFCxk5A==",
      "dependencies": [
        "@types/node",
        "@types/qs",
        "@types/range-parser",
        "@types/send"
      ]
    },
    "@types/express@5.0.6": {
      "integrity": "sha512-sKYVuV7Sv9fbPIt/442koC7+IIwK5olP1KWeD88e/idgoJqDm3JV/YUiPwkoKK92ylff2MGxSz1CSjsXelx0YA==",
      "dependencies": [
        "@types/body-parser",
        "@types/express-serve-static-core",
        "@types/serve-static"
      ]
    },
    "@types/formidable@3.5.1": {
      "integrity": "sha512-aFQijSGbD8JCeEST2LEbwR7faHynbt43lojLIcTM/QhB2U06h41ZVRFVEql+Z1xdL+aKGIzm69V/P/uSW9N6XA==",
      "dependencies": [
        "@types/node"
      ]
    },
    "@types/http-assert@1.5.6": {
      "integrity": "sha512-TTEwmtjgVbYAzZYWyeHPrrtWnfVkm8tQkP8P21uQifPgMRgjrow3XDEYqucuC8SKZJT7pUnhU/JymvjggxO9vw=="
    },
    "@types/http-errors@2.0.5": {
      "integrity": "sha512-r8Tayk8HJnX0FztbZN7oVqGccWgw98T/0neJphO91KkmOzug1KkofZURD4UaD5uH8AqcFLfdPErnBod0u71/qg=="
    },
    "@types/keygrip@1.0.6": {
      "integrity": "sha512-lZuNAY9xeJt7Bx4t4dx0rYCDqGPW8RXhQZK1td7d4H6E9zYbLoOtjBvfwdTKpsyxQI/2jv+armjX/RW+ZNpXOQ=="
    },
    "@types/koa-compose@3.2.9": {
      "integrity": "sha512-BroAZ9FTvPiCy0Pi8tjD1OfJ7bgU1gQf0eR6e1Vm+JJATy9eKOG3hQMFtMciMawiSOVnLMdmUOC46s7HBhSTsA==",
      "dependencies": [
        "@types/koa"
      ]
    },
    "@types/koa@3.0.3": {
      "integrity": "sha512-TdtNEJ7sYSrFQcVuS2ySsVqnq5EyE3oJbnfFJvkC9UtGP4Kpem5KE7r+ivHIbIAQAofSqnlB5D3vkfYO69TQpg==",
      "dependencies": [
        "@types/accepts",
        "@types/content-disposition",
        "@types/cookies",
        "@types/http-assert",
        "@types/http-errors",
        "@types/keygrip",
        "@types/koa-compose",
        "@types/node"
      ]
    },
    "@types/node@25.9.1": {
      "integrity": "sha512-xfrlY7UD5rMJk3ZVJP8BNzS28J36YJg+xp+LPXV1TdWxr8uMH5A860QNxYDGQe/ylDSgjxE52Q9VnO7p75tJxg==",
      "dependencies": [
        "undici-types"
      ]
    },
    "@types/qs@6.15.1": {
      "integrity": "sha512-GZHUBZR9hckSUhrxmp1nG6NwdpM9fCunJwyThLW1X3AyHgd9IlHb6VANpQQqDr2o/qQp6McZ3y/IA2rVzKzSbw=="
    },
    "@types/range-parser@1.2.7": {
      "integrity": "sha512-hKormJbkJqzQGhziax5PItDUTMAM9uE2XXQmM37dyd4hVM+5aVl7oVxMVUiVQn2oCQFN/LKCZdvSM0pFRqbSmQ=="
    },
    "@types/send@1.2.1": {
      "integrity": "sha512-arsCikDvlU99zl1g69TcAB3mzZPpxgw0UQnaHeC1Nwb015xp8bknZv5rIfri9xTOcMuaVgvabfIRA7PSZVuZIQ==",
      "dependencies": [
        "@types/node"
      ]
    },
    "@types/serve-static@2.2.0": {
      "integrity": "sha512-8mam4H1NHLtu7nmtalF7eyBH14QyOASmcxHhSfEoRyr0nP/YdoesEtU+uSRvMe96TW/HPTtkoKqQLl53N7UXMQ==",
      "dependencies": [
        "@types/http-errors",
        "@types/node"
      ]
    },
    "@types/ws@8.18.1": {
      "integrity": "sha512-ThVF6DCVhA8kUGy+aazFQ4kXQ7E1Ty7A3ypFOe0IcJV8O/M511G99AW24irKrW56Wt44yG9+ij8FaqoBGkuBXg==",
      "dependencies": [
        "@types/node"
      ]
    },
    "@zhin.js/adapter-sandbox@3.0.2_@zhin.js+client@1.1.2__react@19.2.6_@zhin.js+console@3.0.2__@types+ws@8.18.1__@zhin.js+agent@0.1.23___zhin.js@1.0.83__@zhin.js+client@1.1.2___react@19.2.6__@zhin.js+core@1.1.25___zhin.js@1.0.83__@zhin.js+http@1.0.76___zhin.js@1.0.83__@zhin.js+http-host@0.1.2__koa@3.2.1__zhin.js@1.0.83__react@19.2.6_@zhin.js+core@1.1.25__zhin.js@1.0.83_@zhin.js+http@1.0.76__zhin.js@1.0.83_zhin.js@1.0.83_@types+ws@8.18.1_@zhin.js+agent@0.1.23__zhin.js@1.0.83_@zhin.js+http-host@0.1.2_koa@3.2.1_react@19.2.6": {
      "integrity": "sha512-s+eQu3bNNMAvI+Dwxmk38Fo6LdT7txpczay3qrKrMBB7xjtBi36vEjxbcHGXjrZoHhbgYJQ/j8x0Jqq+bLqD+g==",
      "dependencies": [
        "@zhin.js/client",
        "@zhin.js/console",
        "@zhin.js/core@1.1.25_zhin.js@1.0.83",
        "@zhin.js/http",
        "zhin.js@1.0.83"
      ],
      "optionalPeers": [
        "@zhin.js/client",
        "@zhin.js/console",
        "@zhin.js/http"
      ]
    },
    "@zhin.js/agent@0.1.21_pg@8.16.3_zhin.js@1.0.81__pg@8.16.3": {
      "integrity": "sha512-Nz44UfnKkNXIpP8benQ6X55gRaX6j3fOCto1NlphxCZZ8jKPjW6Ze8O/FtfBMyJSWZfyalMKq+UWP6BOT+r4Sg==",
      "dependencies": [
        "@zhin.js/ai@1.1.21_pg@8.16.3",
        "@zhin.js/core@1.1.23_pg@8.16.3_zhin.js@1.0.81__pg@8.16.3",
        "he",
        "js-yaml"
      ]
    },
    "@zhin.js/agent@0.1.23_zhin.js@1.0.83": {
      "integrity": "sha512-O+Jn518F7osqz2XdT3F25IL/mrubs6AIOnpOqfDwVf9l3GAUl9Zaykq+Sl7GP19s9AKh7OHFMmGqcuTvo4J3rA==",
      "dependencies": [
        "@zhin.js/ai@1.1.23_zhin.js@1.0.83",
        "@zhin.js/core@1.1.25_zhin.js@1.0.83",
        "@zhin.js/logger@0.1.65_zhin.js@1.0.83",
        "he",
        "js-yaml"
      ]
    },
    "@zhin.js/ai@1.1.21_pg@8.16.3": {
      "integrity": "sha512-LUY1Kgowbbt7lBFfdyPk1w4Yo+ELg84RDUfveIsw9U1Mcq7j4ul2nsp2CtCUwP9W1AG7IE4+jFnvOJ6Qq9dqtg==",
      "dependencies": [
        "@zhin.js/logger@0.1.63_zhin.js@1.0.81__pg@8.16.3_pg@8.16.3"
      ]
    },
    "@zhin.js/ai@1.1.21_zhin.js@1.0.81__pg@8.16.3": {
      "integrity": "sha512-LUY1Kgowbbt7lBFfdyPk1w4Yo+ELg84RDUfveIsw9U1Mcq7j4ul2nsp2CtCUwP9W1AG7IE4+jFnvOJ6Qq9dqtg==",
      "dependencies": [
        "@zhin.js/logger@0.1.63_zhin.js@1.0.81__pg@8.16.3_pg@8.16.3"
      ]
    },
    "@zhin.js/ai@1.1.23_zhin.js@1.0.83": {
      "integrity": "sha512-wA58WDq5d/q/JTWmSL7woKoI6Z6hqKx4fJimedZjmYcomXlmxYfa9pgQbH827VwVRyWgNz+X+GFG44wZIUokPw==",
      "dependencies": [
        "@zhin.js/logger@0.1.65_zhin.js@1.0.83"
      ]
    },
    "@zhin.js/client@1.1.2_react@19.2.6": {
      "integrity": "sha512-dhGC+RdW2AlP7GMe/EkIFes/683u3++pS0mo1WdaHdp5AaHgfK/gOzrHyHzvpqyJ9S502el2AVEHzUEmoRNqPw==",
      "dependencies": [
        "@zhin.js/console-types@0.1.3",
        "clsx",
        "react",
        "tailwind-merge"
      ]
    },
    "@zhin.js/console-core@1.0.2": {
      "integrity": "sha512-/isaYLBqNuo3S8a4o/AshDkfKBT9RydZw8Yoakt24kpnmv7BYawMn9PlVxPCgFu1vX0Yqq6C1DlDe+BzPsbZ8g==",
      "dependencies": [
        "@koa/router",
        "@zhin.js/console-types@0.1.3",
        "esbuild",
        "koa@2.16.4",
        "koa-compose",
        "koa-static"
      ]
    },
    "@zhin.js/console-types@0.1.0": {
      "integrity": "sha512-T0as6HOtaHuYFxlD1I/uMGvHscOPiw/9DRTgt4kyap6+xNoEbcONbIfye6oAzyQ1pkqOPmNiDu+nZcKj9V6Awg=="
    },
    "@zhin.js/console-types@0.1.3": {
      "integrity": "sha512-CIM3pH0bHC3hKHgwKeFUYppybp2UXRXw0nMYoBnX12MebrG4NyHHhOP/JK7XJANIfBAc2TzEbPuxLgMNYGTc2g=="
    },
    "@zhin.js/console@3.0.2_@types+ws@8.18.1_@zhin.js+agent@0.1.23__zhin.js@1.0.83_@zhin.js+client@1.1.2__react@19.2.6_@zhin.js+core@1.1.25__zhin.js@1.0.83_@zhin.js+http@1.0.76__zhin.js@1.0.83_@zhin.js+http-host@0.1.2_koa@3.2.1_zhin.js@1.0.83_react@19.2.6": {
      "integrity": "sha512-l/zA/D/qtwaCTf6zsr2r8TCAgs2N58nD72lQV0MHwVMCbgo2xl+GwLw7GtLqg0J3SsZeZkONA4fQ5IpouuZeug==",
      "dependencies": [
        "@types/ws",
        "@zhin.js/agent@0.1.23_zhin.js@1.0.83",
        "@zhin.js/client",
        "@zhin.js/console-core",
        "@zhin.js/console-types@0.1.3",
        "@zhin.js/core@1.1.25_zhin.js@1.0.83",
        "@zhin.js/http",
        "@zhin.js/http-host",
        "koa@3.2.1",
        "ws",
        "zhin.js@1.0.83"
      ]
    },
    "@zhin.js/core@1.1.23_pg@8.16.3_zhin.js@1.0.81__pg@8.16.3": {
      "integrity": "sha512-g6TVz/TCJKhetA/p6PrsftVYdtSmB2h+Wp9oyBDYIfzq4INhmJgDTpnTQhdeod77nQYfxNMSGPuLnpCx7LzM5Q==",
      "dependencies": [
        "@zhin.js/ai@1.1.21_pg@8.16.3",
        "@zhin.js/database@1.0.66_pg@8.16.3_zhin.js@1.0.81__pg@8.16.3",
        "@zhin.js/kernel@0.0.40_zhin.js@1.0.81__pg@8.16.3",
        "@zhin.js/logger@0.1.63_zhin.js@1.0.81__pg@8.16.3_pg@8.16.3",
        "@zhin.js/schema@1.0.63_zhin.js@1.0.81__pg@8.16.3",
        "croner",
        "segment-matcher",
        "smol-toml",
        "yaml"
      ]
    },
    "@zhin.js/core@1.1.25_zhin.js@1.0.83": {
      "integrity": "sha512-LiJRVpAgF9364oSpo/yAAcMsbH7lBvJsF2A7BMocToa1mZHhx3YZY94C3AfHpEHQostzyxFotVRyTTQkxWDFKw==",
      "dependencies": [
        "@zhin.js/ai@1.1.23_zhin.js@1.0.83",
        "@zhin.js/database@1.0.68_zhin.js@1.0.83",
        "@zhin.js/kernel@0.0.42_zhin.js@1.0.83",
        "@zhin.js/logger@0.1.65_zhin.js@1.0.83",
        "@zhin.js/schema@1.0.65_zhin.js@1.0.83",
        "croner",
        "segment-matcher",
        "smol-toml",
        "yaml"
      ]
    },
    "@zhin.js/database@1.0.66_pg@8.16.3_zhin.js@1.0.81__pg@8.16.3": {
      "integrity": "sha512-Gouq3/0fBasY7CJtqYMNVfJ0B9Gy8+5GMrz7wh4azZdg0Dis3LYnaBpdVr2pVAdxJfSBJmH2lVrm2BQljw7dGw==",
      "dependencies": [
        "pg",
        "zhin.js@1.0.81_pg@8.16.3"
      ],
      "optionalPeers": [
        "pg"
      ]
    },
    "@zhin.js/database@1.0.68_zhin.js@1.0.83": {
      "integrity": "sha512-vzYQ6LFRNSrl2PGo5FUMHhIY7nrRIO0Nwz4ioi/NwcFOXbPvIaitDUQoUaCN+U1rup2wNpWKWBi4HKo7VEfiLA==",
      "dependencies": [
        "zhin.js@1.0.83"
      ]
    },
    "@zhin.js/http-host@0.1.2": {
      "integrity": "sha512-3SH4wHZzHG1A4bB0qvm7zSNRhzpdwuFWtBPRYYAoM4zSdEy/yceU/rqvPamuAJbsUT+qWpz3/JQ8SL11X5T+vg==",
      "dependencies": [
        "koa@3.2.1",
        "ws"
      ]
    },
    "@zhin.js/http@1.0.76_zhin.js@1.0.83": {
      "integrity": "sha512-oWiq7o1tPdw9vnbRg5DY1Axselst9+dYMS0mrJBVPvfWD8yhpznVNmFgp27plxo1hus4ani0ay6P3dvlx0gy4Q==",
      "dependencies": [
        "@zhin.js/http-host",
        "@zhin.js/queue-runtime",
        "@zhin.js/schema@1.0.65_zhin.js@1.0.83",
        "@zhin.js/storage-port",
        "koa@3.2.1",
        "koa-body",
        "ws",
        "zhin.js@1.0.83"
      ]
    },
    "@zhin.js/kernel@0.0.40_zhin.js@1.0.81__pg@8.16.3": {
      "integrity": "sha512-a7lxteUHZqMUPWMLhPMQ2gODbuTcbxQKoMKgRw1q6NewP9SyabnXZWh/pDKQtivlyFJNQ6SbFpajL/Plt30Giw==",
      "dependencies": [
        "@zhin.js/logger@0.1.63_zhin.js@1.0.81__pg@8.16.3_pg@8.16.3",
        "@zhin.js/schema@1.0.63_zhin.js@1.0.81__pg@8.16.3",
        "croner",
        "smol-toml",
        "yaml"
      ]
    },
    "@zhin.js/kernel@0.0.42_zhin.js@1.0.83": {
      "integrity": "sha512-9IE3ZhP0mlbm/eJQP0ws4XMoEtn8rzFOK4YdII5+X0HYor/IoUwRqdOCHLegnIXncV1fRGbt9cy0cJuPkVXfNQ==",
      "dependencies": [
        "@zhin.js/logger@0.1.65_zhin.js@1.0.83",
        "@zhin.js/schema@1.0.65_zhin.js@1.0.83",
        "croner",
        "smol-toml",
        "yaml"
      ]
    },
    "@zhin.js/logger@0.1.63_zhin.js@1.0.81__pg@8.16.3_pg@8.16.3": {
      "integrity": "sha512-eUavPO7gGvfmLr7wuewRp/X/CbJ1aB80L/fznrvH0Kan0a4vcjmJ0mL1LRTWy89Wli4BF0jr2UCS59ut3JeCJg==",
      "dependencies": [
        "chalk",
        "zhin.js@1.0.81_pg@8.16.3"
      ]
    },
    "@zhin.js/logger@0.1.65_zhin.js@1.0.83": {
      "integrity": "sha512-sd0w2/XsgSctyCzO8ROmjiBrTMRMHYZq1KH7ZAPY5XIzsjAf6wwI0wlCJ8nxQwa4+q8aw8hWl2FpGQDVxvRWMg==",
      "dependencies": [
        "chalk",
        "zhin.js@1.0.83"
      ]
    },
    "@zhin.js/queue-runtime@0.0.1_zhin.js@1.0.83": {
      "integrity": "sha512-94VPW0W1eNXjv9HWWcgqXdG0gRYcHnRGlxfLEAXwEQuBskF9J2T+ks0ikycmdSFf/88BgUXR9n4ayknxrmQL6Q==",
      "dependencies": [
        "@zhin.js/core@1.1.25_zhin.js@1.0.83",
        "@zhin.js/http-host",
        "@zhin.js/storage-port"
      ]
    },
    "@zhin.js/schema@1.0.63_zhin.js@1.0.81__pg@8.16.3": {
      "integrity": "sha512-eEyCd+NQIsJyfmlr64ZB7wx9wpb6HxfbzMluG2h7bmpi3Oo887/GuuoFH28BlDgB9CLqqxOo96dlscsfvTSZqg==",
      "dependencies": [
        "zhin.js@1.0.81_pg@8.16.3"
      ]
    },
    "@zhin.js/schema@1.0.65_zhin.js@1.0.83": {
      "integrity": "sha512-Arkd/5jgSJPdSrFJSO3cUSTjpl4XwKk/0rq7HZcpOrDtbOgprKfHGTUd+JRW4wic+eQZ5m2PoejwULQXOXuufQ==",
      "dependencies": [
        "zhin.js@1.0.83"
      ]
    },
    "@zhin.js/storage-port@0.0.0": {
      "integrity": "sha512-UyYwx6AHs/CTH0UW6oy5x+MN6OGi/3x++mYksW3suNAkfb/hvFgFr+LzdcfLUPZsphj8+P+3r4B4A+oVvEcbPw=="
    },
    "accepts@1.3.8": {
      "integrity": "sha512-PYAthTa2m2VKxuvSD3DPC/Gy+U+sOA1LAuT8mkmRuvw+NACSaeXEQ+NHcVF7rONl6qcaxV3Uuemwawk+7+SJLw==",
      "dependencies": [
        "mime-types@2.1.35",
        "negotiator"
      ]
    },
    "argparse@2.0.1": {
      "integrity": "sha512-8+9WqebbFzpX9OR+Wa6O29asIogeRMzcGtAINdpMHHyAg10f05aSFVBbcEqGf/PXw1EjAZ+q2/bEBg3DvurK3Q=="
    },
    "asap@2.0.6": {
      "integrity": "sha512-BSHWgDSAiKs50o2Re8ppvp3seVHXSRM44cdSsT9FfNEUUZLOGWVCsiWaRPWM1Znn+mqZ1OfVZ3z3DWEzSp7hRA=="
    },
    "bytes@3.1.2": {
      "integrity": "sha512-/Nf7TyzTx6S3yRJObOAV7956r8cr2+Oj8AC5dt8wSP3BQAoeX58NoHyCU8P8zGkNXStjTSi6fzO6F0pBdcYbEg=="
    },
    "cache-content-type@1.0.1": {
      "integrity": "sha512-IKufZ1o4Ut42YUrZSo8+qnMTrFuKkvyoLXUywKz9GJ5BrhOFGhLdkx9sG4KAnVvbY6kEcSFjLQul+DVmBm2bgA==",
      "dependencies": [
        "mime-types@2.1.35",
        "ylru"
      ]
    },
    "call-bind-apply-helpers@1.0.2": {
      "integrity": "sha512-Sp1ablJ0ivDkSzjcaJdxEunN5/XvksFJ2sMBFfq6x0ryhQV/2b/KwFe21cMpmHtPOSij8K99/wSfoEuTObmuMQ==",
      "dependencies": [
        "es-errors",
        "function-bind"
      ]
    },
    "call-bound@1.0.4": {
      "integrity": "sha512-+ys997U96po4Kx/ABpBCqhA9EuxJaQWDQg7295H4hBphv3IZg0boBKuwYpt4YXp6MZ5AmZQnU/tyMTlRpaSejg==",
      "dependencies": [
        "call-bind-apply-helpers",
        "get-intrinsic"
      ]
    },
    "chalk@5.6.2": {
      "integrity": "sha512-7NzBL0rN6fMUW+f7A6Io4h40qQlG+xGmtMxfbnH/K7TAtt8JQWVQK+6g0UXKMeVJoyV5EkkNsErQ8pVD3bLHbA=="
    },
    "clsx@2.1.1": {
      "integrity": "sha512-eYm0QWBtUrBWZWG0d386OGAw16Z995PiOVo2B7bjWSbHedGl5e0ZWaq65kOGgUSNesEIDkB9ISbTg/JK9dhCZA=="
    },
    "co-body@6.2.0": {
      "integrity": "sha512-Kbpv2Yd1NdL1V/V4cwLVxraHDV6K8ayohr2rmH0J87Er8+zJjcTa6dAn9QMPC9CRgU8+aNajKbSf1TzDB1yKPA==",
      "dependencies": [
        "@hapi/bourne",
        "inflation",
        "qs",
        "raw-body",
        "type-is@1.6.18"
      ]
    },
    "co@4.6.0": {
      "integrity": "sha512-QVb0dM5HvG+uaxitm8wONl7jltx8dqhfU33DcqtOZcLSVIKSDDLDi7+0LbAKiyI8hD9u42m2YxXSkMGWThaecQ=="
    },
    "content-disposition@0.5.4": {
      "integrity": "sha512-FveZTNuGw04cxlAiWbzi6zTAL/lhehaWbTtgluJh4/E95DqMwTmha3KZN1aAWA8cFIhHzMZUvLevkw5Rqk+tSQ==",
      "dependencies": [
        "safe-buffer"
      ]
    },
    "content-disposition@1.0.1": {
      "integrity": "sha512-oIXISMynqSqm241k6kcQ5UwttDILMK4BiurCfGEREw6+X9jkkpEe5T9FZaApyLGGOnFuyMWZpdolTXMtvEJ08Q=="
    },
    "content-type@1.0.5": {
      "integrity": "sha512-nTjqfcBFEipKdXCv4YDQWCfmcLZKm81ldF0pAopTvyrFGVbcR6P/VAAd5G7N+0tTr8QqiU0tFadD6FK4NtJwOA=="
    },
    "content-type@2.0.0": {
      "integrity": "sha512-j/O/d7GcZCyNl7/hwZAb606rzqkyvaDctLmckbxLzHvFBzTJHuGEdodATcP3yIRoDrLHkIATJuvzbFlp/ki2cQ=="
    },
    "cookies@0.9.1": {
      "integrity": "sha512-TG2hpqe4ELx54QER/S3HQ9SRVnQnGBtKUz5bLQWtYAQ+o6GpgMs6sYUvaiJjVxb+UXwhRhAEP3m7LbsIZ77Hmw==",
      "dependencies": [
        "depd@2.0.0",
        "keygrip"
      ]
    },
    "croner@9.1.0": {
      "integrity": "sha512-p9nwwR4qyT5W996vBZhdvBCnMhicY5ytZkR4D1Xj0wuTDEiMnjwR57Q3RXYY/s0EpX6Ay3vgIcfaR+ewGHsi+g=="
    },
    "debug@3.2.7": {
      "integrity": "sha512-CFjzYYAi4ThfiQvizrFQevTTXHtnCqWfe7x1AhgEscTz6ZbLbfoLRLPugTQyBth6f8ZERVUSyWHFD/7Wu4t1XQ==",
      "dependencies": [
        "ms"
      ]
    },
    "debug@4.4.3": {
      "integrity": "sha512-RGwwWnwQvkVfavKVt22FGLw+xYSdzARwm0ru6DhTVA3umU5hZc28V3kO4stgYryrTlLpuvgI9GiijltAjNbcqA==",
      "dependencies": [
        "ms"
      ]
    },
    "deep-equal@1.0.1": {
      "integrity": "sha512-bHtC0iYvWhyaTzvV3CZgPeZQqCOBGyGsVV7v4eevpdkLHfiSrXUdBG+qAuSz4RI70sszvjQ1QSZ98An1yNwpSw=="
    },
    "delegates@1.0.0": {
      "integrity": "sha512-bd2L678uiWATM6m5Z1VzNCErI3jiGzt6HGY8OVICs40JQq/HALfbyNJmp0UDakEY4pMMaN0Ly5om/B1VI/+xfQ=="
    },
    "depd@1.1.2": {
      "integrity": "sha512-7emPTl6Dpo6JRXOXjLRxck+FlLRX5847cLKEn00PLAgc3g2hTZZgr+e4c2v6QpSmLeFP3n5yUo7ft6avBK/5jQ=="
    },
    "depd@2.0.0": {
      "integrity": "sha512-g7nH6P6dyDioJogAAGprGpCtVImJhpPk/roCzdb3fIh61/s/nPsfR6onyMwkCAR/OlC3yBC0lESvUoQEAssIrw=="
    },
    "destroy@1.2.0": {
      "integrity": "sha512-2sJGJTaXIIaR1w4iJSNoN0hnMY7Gpc/n8D4qSCJw8QqFWXf7cuAgnEHxBpweaVcPevC2l3KpjYCx3NypQQgaJg=="
    },
    "dezalgo@1.0.4": {
      "integrity": "sha512-rXSP0bf+5n0Qonsb+SVVfNfIsimO4HEtmnIpPHY8Q1UCzKlQrDMfdobr8nJOOsRgWCyMRqeSBQzmWUMq7zvVig==",
      "dependencies": [
        "asap",
        "wrappy"
      ]
    },
    "dotenv@17.4.2": {
      "integrity": "sha512-nI4U3TottKAcAD9LLud4Cb7b2QztQMUEfHbvhTH09bqXTxnSie8WnjPALV/WMCrJZ6UV/qHJ6L03OqO3LcdYZw=="
    },
    "dunder-proto@1.0.1": {
      "integrity": "sha512-KIN/nDJBQRcXw0MLVhZE9iQHmG68qAVIBg9CqmUYjmQIhgij9U5MFvrqkUL5FbtyyzZuOeOt0zdeRe4UY7ct+A==",
      "dependencies": [
        "call-bind-apply-helpers",
        "es-errors",
        "gopd"
      ]
    },
    "ee-first@1.1.1": {
      "integrity": "sha512-WMwm9LhRUo+WUaRN+vRuETqG89IgZphVSNkdFgeb6sS/E4OrDIN7t48CAewSHXc6C8lefD8KKfr5vY61brQlow=="
    },
    "encodeurl@1.0.2": {
      "integrity": "sha512-TPJXq8JqFaVYm2CWmPvnP2Iyo4ZSM7/QKcSmuMLDObfpH5fi7RUGmd/rTDf+rut/saiDiQEeVTNgAmJEdAOx0w=="
    },
    "encodeurl@2.0.0": {
      "integrity": "sha512-Q0n9HRi4m6JuGIV1eFlmvJB7ZEVxu93IrMyiMsGC0lrMJMWzRgx6WGquyfQgZVb31vhGgXnfmPNNXmxnOkRBrg=="
    },
    "es-define-property@1.0.1": {
      "integrity": "sha512-e3nRfgfUZ4rNGL232gUgX06QNyyez04KdjFrF+LTRoOXmrOgFKDg4BCdsjW8EnT69eqdYGmRpJwiPVYNrCaW3g=="
    },
    "es-errors@1.3.0": {
      "integrity": "sha512-Zf5H2Kxt2xjTvbJvP2ZWLEICxA6j+hAmMzIlypy4xcBg1vKVnx89Wy0GbS+kf5cwCVFFzdCFh2XSCFNULS6csw=="
    },
    "es-object-atoms@1.1.1": {
      "integrity": "sha512-FGgH2h8zKNim9ljj7dankFPcICIK9Cp5bm+c2gQSYePhpaG5+esrLODihIorn+Pe6FGJzWhXQotPv73jTaldXA==",
      "dependencies": [
        "es-errors"
      ]
    },
    "esbuild@0.28.0": {
      "integrity": "sha512-sNR9MHpXSUV/XB4zmsFKN+QgVG82Cc7+/aaxJ8Adi8hyOac+EXptIp45QBPaVyX3N70664wRbTcLTOemCAnyqw==",
      "optionalDependencies": [
        "@esbuild/aix-ppc64",
        "@esbuild/android-arm",
        "@esbuild/android-arm64",
        "@esbuild/android-x64",
        "@esbuild/darwin-arm64",
        "@esbuild/darwin-x64",
        "@esbuild/freebsd-arm64",
        "@esbuild/freebsd-x64",
        "@esbuild/linux-arm",
        "@esbuild/linux-arm64",
        "@esbuild/linux-ia32",
        "@esbuild/linux-loong64",
        "@esbuild/linux-mips64el",
        "@esbuild/linux-ppc64",
        "@esbuild/linux-riscv64",
        "@esbuild/linux-s390x",
        "@esbuild/linux-x64",
        "@esbuild/netbsd-arm64",
        "@esbuild/netbsd-x64",
        "@esbuild/openbsd-arm64",
        "@esbuild/openbsd-x64",
        "@esbuild/openharmony-arm64",
        "@esbuild/sunos-x64",
        "@esbuild/win32-arm64",
        "@esbuild/win32-ia32",
        "@esbuild/win32-x64"
      ],
      "scripts": true,
      "bin": true
    },
    "escape-html@1.0.3": {
      "integrity": "sha512-NiSupZ4OeuGwr68lGIeym/ksIZMJodUGOSCZ/FSnTxcrekbvqrgdUxlJOMpijaKZVjAJrWrGs/6Jy8OMuyj9ow=="
    },
    "formidable@3.5.4": {
      "integrity": "sha512-YikH+7CUTOtP44ZTnUhR7Ic2UASBPOqmaRkRKxRbywPTe5VxF7RRCck4af9wutiZ/QKM5nME9Bie2fFaPz5Gug==",
      "dependencies": [
        "@paralleldrive/cuid2",
        "dezalgo",
        "once"
      ]
    },
    "fresh@0.5.2": {
      "integrity": "sha512-zJ2mQYM18rEFOudeV4GShTGIQ7RbzA7ozbU9I/XBpm7kqgMywgmylMwXHxZJmkVoYkna9d2pVXVXPdYTP9ej8Q=="
    },
    "function-bind@1.1.2": {
      "integrity": "sha512-7XHNxH7qX9xG5mIwxkhumTox/MIRNcOgDrxWsMt2pAr23WHp6MrRlN7FBSFpCpr+oVO0F744iUgR82nJMfG2SA=="
    },
    "generator-function@2.0.1": {
      "integrity": "sha512-SFdFmIJi+ybC0vjlHN0ZGVGHc3lgE0DxPAT0djjVg+kjOnSqclqmj0KQ7ykTOLP6YxoqOvuAODGdcHJn+43q3g=="
    },
    "get-intrinsic@1.3.0": {
      "integrity": "sha512-9fSjSaos/fRIVIp+xSJlE6lfwhES7LNtKaCBIamHsjr2na1BiABJPo0mOjjz8GJDURarmCPGqaiVg5mfjb98CQ==",
      "dependencies": [
        "call-bind-apply-helpers",
        "es-define-property",
        "es-errors",
        "es-object-atoms",
        "function-bind",
        "get-proto",
        "gopd",
        "has-symbols",
        "hasown",
        "math-intrinsics"
      ]
    },
    "get-proto@1.0.1": {
      "integrity": "sha512-sTSfBjoXBp89JvIKIefqw7U2CCebsc74kiY6awiGogKtoSGbgjYE/G/+l9sF3MWFPNc9IcoOC4ODfKHfxFmp0g==",
      "dependencies": [
        "dunder-proto",
        "es-object-atoms"
      ]
    },
    "gopd@1.2.0": {
      "integrity": "sha512-ZUKRh6/kUFoAiTAtTYPZJ3hw9wNxx+BIBOijnlG9PnrJsCcSjs1wyyD6vJpaYtgnzDrKYRSqf3OO6Rfa93xsRg=="
    },
    "has-symbols@1.1.0": {
      "integrity": "sha512-1cDNdwJ2Jaohmb3sg4OmKaMBwuC48sYni5HUw2DvsC8LjGTLK9h+eb1X6RyuOHe4hT0ULCW68iomhjUoKUqlPQ=="
    },
    "has-tostringtag@1.0.2": {
      "integrity": "sha512-NqADB8VjPFLM2V0VvHUewwwsw0ZWBaIdgo+ieHtK3hasLz4qeCRjYcqfB6AQrBggRKppKF8L52/VqdVsO47Dlw==",
      "dependencies": [
        "has-symbols"
      ]
    },
    "hasown@2.0.3": {
      "integrity": "sha512-ej4AhfhfL2Q2zpMmLo7U1Uv9+PyhIZpgQLGT1F9miIGmiCJIoCgSmczFdrc97mWT4kVY72KA+WnnhJ5pghSvSg==",
      "dependencies": [
        "function-bind"
      ]
    },
    "he@1.2.0": {
      "integrity": "sha512-F/1DnUGPopORZi0ni+CvrCgHQ5FyEAHRLSApuYWMmrbSwoN2Mn/7k+Gl38gJnR7yyDZk6WLXwiGod1JOWNDKGw==",
      "bin": true
    },
    "http-assert@1.5.0": {
      "integrity": "sha512-uPpH7OKX4H25hBmU6G1jWNaqJGpTXxey+YOUizJUAgu0AjLUeC8D73hTrhvDS5D+GJN1DN1+hhc/eF/wpxtp0w==",
      "dependencies": [
        "deep-equal",
        "http-errors@1.8.1"
      ]
    },
    "http-errors@1.6.3": {
      "integrity": "sha512-lks+lVC8dgGyh97jxvxeYTWQFvh4uw4yC12gVl63Cg30sjPX4wuGcdkICVXDAESr6OJGjqGA8Iz5mkeN6zlD7A==",
      "dependencies": [
        "depd@1.1.2",
        "inherits@2.0.3",
        "setprototypeof@1.1.0",
        "statuses@1.5.0"
      ]
    },
    "http-errors@1.8.1": {
      "integrity": "sha512-Kpk9Sm7NmI+RHhnj6OIWDI1d6fIoFAtFt9RLaTMRlg/8w49juAStsrBgp0Dp4OdxdVbRIeKhtCUvoi/RuAhO4g==",
      "dependencies": [
        "depd@1.1.2",
        "inherits@2.0.4",
        "setprototypeof@1.2.0",
        "statuses@1.5.0",
        "toidentifier"
      ]
    },
    "http-errors@2.0.1": {
      "integrity": "sha512-4FbRdAX+bSdmo4AUFuS0WNiPz8NgFt+r8ThgNWmlrjQjt1Q7ZR9+zTlce2859x4KSXrwIsaeTqDoKQmtP8pLmQ==",
      "dependencies": [
        "depd@2.0.0",
        "inherits@2.0.4",
        "setprototypeof@1.2.0",
        "statuses@2.0.2",
        "toidentifier"
      ]
    },
    "iconv-lite@0.4.24": {
      "integrity": "sha512-v3MXnZAcvnywkTUEZomIActle7RXXeedOR31wwl7VlyoXO4Qi9arvSenNQWne1TcRwhCL1HwLI21bEqdpj8/rA==",
      "dependencies": [
        "safer-buffer"
      ]
    },
    "inflation@2.1.0": {
      "integrity": "sha512-t54PPJHG1Pp7VQvxyVCJ9mBbjG3Hqryges9bXoOO6GExCPa+//i/d5GSuFtpx3ALLd7lgIAur6zrIlBQyJuMlQ=="
    },
    "inherits@2.0.3": {
      "integrity": "sha512-x00IRNXNy63jwGkJmzPigoySHbaqpNuzKbBOmzK+g2OdZpQ9w+sxCN+VSB3ja7IAge2OP2qpfxTjeNcyjmW1uw=="
    },
    "inherits@2.0.4": {
      "integrity": "sha512-k/vGaX4/Yla3WzyMCvTQOXYeIHvqOKtnqBduzTHpzpQZzAskKMhZ2K+EnBiSM9zGSoIFeMpXKxa4dYeZIQqewQ=="
    },
    "is-generator-function@1.1.2": {
      "integrity": "sha512-upqt1SkGkODW9tsGNG5mtXTXtECizwtS2kA161M+gJPc1xdb/Ax629af6YrTwcOeQHbewrPNlE5Dx7kzvXTizA==",
      "dependencies": [
        "call-bound",
        "generator-function",
        "get-proto",
        "has-tostringtag",
        "safe-regex-test"
      ]
    },
    "is-regex@1.2.1": {
      "integrity": "sha512-MjYsKHO5O7mCsmRGxWcLWheFqN9DJ/2TmngvjKXihe6efViPqc274+Fx/4fYj/r03+ESvBdTXK0V6tA3rgez1g==",
      "dependencies": [
        "call-bound",
        "gopd",
        "has-tostringtag",
        "hasown"
      ]
    },
    "js-yaml@4.1.1": {
      "integrity": "sha512-qQKT4zQxXl8lLwBtHMWwaTcGfFOZviOJet3Oy/xmGk2gZH677CJM9EvtfdSkgWcATZhj/55JZ0rmy3myCT5lsA==",
      "dependencies": [
        "argparse"
      ],
      "bin": true
    },
    "keygrip@1.1.0": {
      "integrity": "sha512-iYSchDJ+liQ8iwbSI2QqsQOvqv58eJCEanyJPJi+Khyu8smkcKSFUCbPwzFcL7YVtZ6eONjqRX/38caJ7QjRAQ==",
      "dependencies": [
        "tsscmp"
      ]
    },
    "koa-body@8.0.0": {
      "integrity": "sha512-gJNvXtezVmS/oAX8dJt5yG+DpnKP9dHsY0RXmynO6iQfY1yPDLMddpkspiBeU2uYExJHqcaHY9Ap2gTi+b7vbQ==",
      "dependencies": [
        "@types/co-body",
        "@types/formidable",
        "@types/koa",
        "co-body",
        "formidable",
        "type-fest",
        "zod"
      ]
    },
    "koa-compose@4.1.0": {
      "integrity": "sha512-8ODW8TrDuMYvXRwra/Kh7/rJo9BtOfPc6qO8eAfC80CnCvSjSl0bkRM24X6/XBBEyj0v1nRUQ1LyOy3dbqOWXw=="
    },
    "koa-convert@2.0.0": {
      "integrity": "sha512-asOvN6bFlSnxewce2e/DK3p4tltyfC4VM7ZwuTuepI7dEQVcvpyFuBcEARu1+Hxg8DIwytce2n7jrZtRlPrARA==",
      "dependencies": [
        "co",
        "koa-compose"
      ]
    },
    "koa-send@5.0.1": {
      "integrity": "sha512-tmcyQ/wXXuxpDxyNXv5yNNkdAMdFRqwtegBXUaowiQzUKqJehttS0x2j0eOZDQAyloAth5w6wwBImnFzkUz3pQ==",
      "dependencies": [
        "debug@4.4.3",
        "http-errors@1.8.1",
        "resolve-path"
      ]
    },
    "koa-static@5.0.0": {
      "integrity": "sha512-UqyYyH5YEXaJrf9S8E23GoJFQZXkBVJ9zYYMPGz919MSX1KuvAcycIuS0ci150HCoPf4XQVhQ84Qf8xRPWxFaQ==",
      "dependencies": [
        "debug@3.2.7",
        "koa-send"
      ]
    },
    "koa@2.16.4": {
      "integrity": "sha512-3An0GCLDSR34tsCO4H8Tef8Pp2ngtaZDAZnsWJYelqXUK5wyiHvGItgK/xcSkmHLSTn1Jcho1mRQs2ehRzvKKw==",
      "dependencies": [
        "accepts",
        "cache-content-type",
        "content-disposition@0.5.4",
        "content-type@1.0.5",
        "cookies",
        "debug@4.4.3",
        "delegates",
        "depd@2.0.0",
        "destroy",
        "encodeurl@1.0.2",
        "escape-html",
        "fresh",
        "http-assert",
        "http-errors@1.8.1",
        "is-generator-function",
        "koa-compose",
        "koa-convert",
        "on-finished",
        "only",
        "parseurl",
        "statuses@1.5.0",
        "type-is@1.6.18",
        "vary"
      ]
    },
    "koa@3.2.1": {
      "integrity": "sha512-e7IpWJrnanNUroVK2taAgMxoEZvHLXdQiNjeExSu/DEIWm83jaKGBgb7tLmu2rMYpA027qFB3iLR/k3AVpFRnA==",
      "dependencies": [
        "accepts",
        "content-disposition@1.0.1",
        "content-type@1.0.5",
        "cookies",
        "delegates",
        "destroy",
        "encodeurl@2.0.0",
        "escape-html",
        "fresh",
        "http-assert",
        "http-errors@2.0.1",
        "koa-compose",
        "mime-types@3.0.2",
        "on-finished",
        "parseurl",
        "statuses@2.0.2",
        "type-is@2.1.0",
        "vary"
      ]
    },
    "math-intrinsics@1.1.0": {
      "integrity": "sha512-/IXtbwEk5HTPyEwyKX6hGkYXxM9nbj64B+ilVJnC/R6B0pH5G4V3b0pVbL7DBj4tkhBAppbQUlf6F6Xl9LHu1g=="
    },
    "media-typer@0.3.0": {
      "integrity": "sha512-dq+qelQ9akHpcOl/gUVRTxVIOkAJ1wR3QAvb4RsVjS8oVoFjDGTc679wJYmUmknUF5HwMLOgb5O+a3KxfWapPQ=="
    },
    "media-typer@1.1.0": {
      "integrity": "sha512-aisnrDP4GNe06UcKFnV5bfMNPBUw4jsLGaWwWfnH3v02GnBuXX2MCVn5RbrWo0j3pczUilYblq7fQ7Nw2t5XKw=="
    },
    "mime-db@1.52.0": {
      "integrity": "sha512-sPU4uV7dYlvtWJxwwxHD0PuihVNiE7TyAbQ5SWxDCB9mUYvOgroQOwYQQOKPJ8CIbE+1ETVlOoK1UC2nU3gYvg=="
    },
    "mime-db@1.54.0": {
      "integrity": "sha512-aU5EJuIN2WDemCcAp2vFBfp/m4EAhWJnUNSSw0ixs7/kXbd6Pg64EmwJkNdFhB8aWt1sH2CTXrLxo/iAGV3oPQ=="
    },
    "mime-types@2.1.35": {
      "integrity": "sha512-ZDY+bPm5zTTF+YpCrAU9nK0UgICYPT0QtT1NZWFv4s++TNkcgVaT0g6+4R2uI4MjQjzysHB1zxuWL50hzaeXiw==",
      "dependencies": [
        "mime-db@1.52.0"
      ]
    },
    "mime-types@3.0.2": {
      "integrity": "sha512-Lbgzdk0h4juoQ9fCKXW4by0UJqj+nOOrI9MJ1sSj4nI8aI2eo1qmvQEie4VD1glsS250n15LsWsYtCugiStS5A==",
      "dependencies": [
        "mime-db@1.54.0"
      ]
    },
    "ms@2.1.3": {
      "integrity": "sha512-6FlzubTLZG3J2a/NVCAleEhjzq5oxgHyaCU9yYXvcLsvoVaHJq/s5xXI6/XXP6tz7R9xAOtHnSO/tXtF3WRTlA=="
    },
    "negotiator@0.6.3": {
      "integrity": "sha512-+EUsqGPLsM+j/zdChZjsnX51g4XrHFOIXwfnCVPGlQk/k5giakcKsuxCObBRu6DSm9opw/O6slWbJdghQM4bBg=="
    },
    "object-inspect@1.13.4": {
      "integrity": "sha512-W67iLl4J2EXEGTbfeHCffrjDfitvLANg0UlX3wFUUSTx92KXRFegMHUVgSqE+wvhAbi4WqjGg9czysTV2Epbew=="
    },
    "on-finished@2.4.1": {
      "integrity": "sha512-oVlzkg3ENAhCk2zdv7IJwd/QUD4z2RxRwpkcGY8psCVcCYZNq4wYnVWALHM+brtuJjePWiYF/ClmuDr8Ch5+kg==",
      "dependencies": [
        "ee-first"
      ]
    },
    "once@1.4.0": {
      "integrity": "sha512-lNaJgI+2Q5URQBkccEKHTQOPaXdUxnZZElQTZY0MFUAuaEqe1E+Nyvgdz/aIyNi6Z9MzO5dv1H8n58/GELp3+w==",
      "dependencies": [
        "wrappy"
      ]
    },
    "only@0.0.2": {
      "integrity": "sha512-Fvw+Jemq5fjjyWz6CpKx6w9s7xxqo3+JCyM0WXWeCSOboZ8ABkyvP8ID4CZuChA/wxSx+XSJmdOm8rGVyJ1hdQ=="
    },
    "parseurl@1.3.3": {
      "integrity": "sha512-CiyeOxFT/JZyN5m0z9PfXw4SCBJ6Sygz1Dpl0wqjlhDEGGBP1GnsUVEL0p63hoG1fcj3fHynXi9NYO4nWOL+qQ=="
    },
    "path-is-absolute@1.0.1": {
      "integrity": "sha512-AVbw3UJ2e9bq64vSaS9Am0fje1Pa8pbGqTTsmXfaIiMpnr5DlDhfJOuLj9Sf95ZPVDAUerDfEk88MPmPe7UCQg=="
    },
    "path-to-regexp@8.4.2": {
      "integrity": "sha512-qRcuIdP69NPm4qbACK+aDogI5CBDMi1jKe0ry5rSQJz8JVLsC7jV8XpiJjGRLLol3N+R5ihGYcrPLTno6pAdBA=="
    },
    "pg-cloudflare@1.4.0": {
      "integrity": "sha512-Vo7z/6rrQYxpNRylp4Tlob2elzbh+N/MOQbxFVWCxS7oEx6jF53GTJFxK2WWpKuBRkmiin4Mt+xofFDjx09R0A=="
    },
    "pg-connection-string@2.13.0": {
      "integrity": "sha512-EMnU9E2fSULdsbErBbMaXJvFeD9B4+nPcM3f+4lsiCR0BHLPrLVjv3DbyM2hgQQviKJaTWIRRTjKjWlHg3p2ig=="
    },
    "pg-int8@1.0.1": {
      "integrity": "sha512-WCtabS6t3c8SkpDBUlb1kjOs7l66xsGdKpIPZsg4wR+B3+u9UAum2odSsF9tnvxg80h4ZxLWMy4pRjOsFIqQpw=="
    },
    "pg-pool@3.14.0_pg@8.16.3": {
      "integrity": "sha512-gKtPkFdQPU3DksooVLi9LsjZxrsBUZIpa+7aVx+LV5pNh0KzP4Zleud2po+ConrxbuXGBJ6Hfer6hdgpIBpBaw==",
      "dependencies": [
        "pg"
      ]
    },
    "pg-protocol@1.14.0": {
      "integrity": "sha512-n5taZ1kO3s9ngDTVxsEznOqCyToTgz0FLuPq0B33COy5pPpuWJpY3/2oRBVETuOgzdqRXfWpM9HIhp2LBBT1BA=="
    },
    "pg-types@2.2.0": {
      "integrity": "sha512-qTAAlrEsl8s4OiEQY69wDvcMIdQN6wdz5ojQiOy6YRMuynxenON0O5oCpJI6lshc6scgAY8qvJ2On/p+CXY0GA==",
      "dependencies": [
        "pg-int8",
        "postgres-array",
        "postgres-bytea",
        "postgres-date",
        "postgres-interval"
      ]
    },
    "pg@8.16.3": {
      "integrity": "sha512-enxc1h0jA/aq5oSDMvqyW3q89ra6XIIDZgCX9vkMrnz5DFTw/Ny3Li2lFQ+pt3L6MCgm/5o2o8HW9hiJji+xvw==",
      "dependencies": [
        "pg-connection-string",
        "pg-pool",
        "pg-protocol",
        "pg-types",
        "pgpass"
      ],
      "optionalDependencies": [
        "pg-cloudflare"
      ]
    },
    "pgpass@1.0.5": {
      "integrity": "sha512-FdW9r/jQZhSeohs1Z3sI1yxFQNFvMcnmfuj4WBMUTxOrAyLMaTcE1aAMBiTlbMNaXvBCQuVi0R7hd8udDSP7ug==",
      "dependencies": [
        "split2"
      ]
    },
    "postgres-array@2.0.0": {
      "integrity": "sha512-VpZrUqU5A69eQyW2c5CA1jtLecCsN2U/bD6VilrFDWq5+5UIEVO7nazS3TEcHf1zuPYO/sqGvUvW62g86RXZuA=="
    },
    "postgres-bytea@1.0.1": {
      "integrity": "sha512-5+5HqXnsZPE65IJZSMkZtURARZelel2oXUEO8rH83VS/hxH5vv1uHquPg5wZs8yMAfdv971IU+kcPUczi7NVBQ=="
    },
    "postgres-date@1.0.7": {
      "integrity": "sha512-suDmjLVQg78nMK2UZ454hAG+OAW+HQPZ6n++TNDUX+L0+uUlLywnoxJKDou51Zm+zTCjrCl0Nq6J9C5hP9vK/Q=="
    },
    "postgres-interval@1.2.0": {
      "integrity": "sha512-9ZhXKM/rw350N1ovuWHbGxnGh/SNJ4cnxHiM0rxE4VN41wsg8P8zWn9hv/buK00RP4WvlOyr/RBDiptyxVbkZQ==",
      "dependencies": [
        "xtend"
      ]
    },
    "qs@6.15.2": {
      "integrity": "sha512-Rzq0KEyX/w/tEybncDgdkZrJgVUsUMk3xjh3t5bv3S1HTAtg+uOYt72+ZfwiQwKdysThkTBdL/rTi6HDmX9Ddw==",
      "dependencies": [
        "side-channel"
      ]
    },
    "raw-body@2.5.3": {
      "integrity": "sha512-s4VSOf6yN0rvbRZGxs8Om5CWj6seneMwK3oDb4lWDH0UPhWcxwOWw5+qk24bxq87szX1ydrwylIOp2uG1ojUpA==",
      "dependencies": [
        "bytes",
        "http-errors@2.0.1",
        "iconv-lite",
        "unpipe"
      ]
    },
    "react@19.2.6": {
      "integrity": "sha512-sfWGGfavi0xr8Pg0sVsyHMAOziVYKgPLNrS7ig+ivMNb3wbCBw3KxtflsGBAwD3gYQlE/AEZsTLgToRrSCjb0Q=="
    },
    "resolve-path@1.4.0": {
      "integrity": "sha512-i1xevIst/Qa+nA9olDxLWnLk8YZbi8R/7JPbCMcgyWaFR6bKWaexgJgEB5oc2PKMjYdrHynyz0NY+if+H98t1w==",
      "dependencies": [
        "http-errors@1.6.3",
        "path-is-absolute"
      ]
    },
    "safe-buffer@5.2.1": {
      "integrity": "sha512-rp3So07KcdmmKbGvgaNxQSJr7bGVSVk5S9Eq1F+ppbRo70+YeaDxkw5Dd8NPN+GD6bjnYm2VuPuCXmpuYvmCXQ=="
    },
    "safe-regex-test@1.1.0": {
      "integrity": "sha512-x/+Cz4YrimQxQccJf5mKEbIa1NzeCRNI5Ecl/ekmlYaampdNLPalVyIcCZNNH3MvmqBugV5TMYZXv0ljslUlaw==",
      "dependencies": [
        "call-bound",
        "es-errors",
        "is-regex"
      ]
    },
    "safer-buffer@2.1.2": {
      "integrity": "sha512-YZo3K82SD7Riyi0E1EQPojLz7kpepnSQI9IyPbHHg1XXXevb5dJI7tpyN2ADxGcQbHG7vcyRHk0cbwqcQriUtg=="
    },
    "segment-matcher@1.0.5": {
      "integrity": "sha512-OJh+xF/Y6lFOmaP3MuUdvOEgv//zePa/GYut25Wn/Ei1k2S8g9YQyLIJl8Z8gv1ti7MS2+vbj1WNz79Iu/j+DA=="
    },
    "setprototypeof@1.1.0": {
      "integrity": "sha512-BvE/TwpZX4FXExxOxZyRGQQv651MSwmWKZGqvmPcRIjDqWub67kTKuIMx43cZZrS/cBBzwBcNDWoFxt2XEFIpQ=="
    },
    "setprototypeof@1.2.0": {
      "integrity": "sha512-E5LDX7Wrp85Kil5bhZv46j8jOeboKq5JMmYM3gVGdGH8xFpPWXUMsNrlODCrkoxMEeNi/XZIwuRvY4XNwYMJpw=="
    },
    "side-channel-list@1.0.1": {
      "integrity": "sha512-mjn/0bi/oUURjc5Xl7IaWi/OJJJumuoJFQJfDDyO46+hBWsfaVM65TBHq2eoZBhzl9EchxOijpkbRC8SVBQU0w==",
      "dependencies": [
        "es-errors",
        "object-inspect"
      ]
    },
    "side-channel-map@1.0.1": {
      "integrity": "sha512-VCjCNfgMsby3tTdo02nbjtM/ewra6jPHmpThenkTYh8pG9ucZ/1P8So4u4FGBek/BjpOVsDCMoLA/iuBKIFXRA==",
      "dependencies": [
        "call-bound",
        "es-errors",
        "get-intrinsic",
        "object-inspect"
      ]
    },
    "side-channel-weakmap@1.0.2": {
      "integrity": "sha512-WPS/HvHQTYnHisLo9McqBHOJk2FkHO/tlpvldyrnem4aeQp4hai3gythswg6p01oSoTl58rcpiFAjF2br2Ak2A==",
      "dependencies": [
        "call-bound",
        "es-errors",
        "get-intrinsic",
        "object-inspect",
        "side-channel-map"
      ]
    },
    "side-channel@1.1.0": {
      "integrity": "sha512-ZX99e6tRweoUXqR+VBrslhda51Nh5MTQwou5tnUDgbtyM0dBgmhEDtWGP/xbKn6hqfPRHujUNwz5fy/wbbhnpw==",
      "dependencies": [
        "es-errors",
        "object-inspect",
        "side-channel-list",
        "side-channel-map",
        "side-channel-weakmap"
      ]
    },
    "smol-toml@1.6.1": {
      "integrity": "sha512-dWUG8F5sIIARXih1DTaQAX4SsiTXhInKf1buxdY9DIg4ZYPZK5nGM1VRIYmEbDbsHt7USo99xSLFu5Q1IqTmsg=="
    },
    "split2@4.2.0": {
      "integrity": "sha512-UcjcJOWknrNkF6PLX83qcHM6KHgVKNkV62Y8a5uYDVv9ydGQVwAHMKqHdJje1VTWpljG0WYpCDhrCdAOYH4TWg=="
    },
    "statuses@1.5.0": {
      "integrity": "sha512-OpZ3zP+jT1PI7I8nemJX4AKmAX070ZkYPVWV/AaKTJl+tXCTGyVdC1a4SL8RUQYEwk/f34ZX8UTykN68FwrqAA=="
    },
    "statuses@2.0.2": {
      "integrity": "sha512-DvEy55V3DB7uknRo+4iOGT5fP1slR8wQohVdknigZPMpMstaKJQWhwiYBACJE3Ul2pTnATihhBYnRhZQHGBiRw=="
    },
    "tagged-tag@1.0.0": {
      "integrity": "sha512-yEFYrVhod+hdNyx7g5Bnkkb0G6si8HJurOoOEgC8B/O0uXLHlaey/65KRv6cuWBNhBgHKAROVpc7QyYqE5gFng=="
    },
    "tailwind-merge@3.6.0": {
      "integrity": "sha512-uxL7qAVQriqRQPAyK3pj66VqskWqoZ37PW94jwOTwNfq/z9oyu1V+eqrZqtR2+fCiXdYOZe/Modt8GtvqNzu+w=="
    },
    "toidentifier@1.0.1": {
      "integrity": "sha512-o5sSPKEkg/DIQNmH43V0/uerLrpzVedkUh8tGNvaeXpfpuwjKenlSox/2O/BTlZUtEe+JG7s5YhEz608PlAHRA=="
    },
    "tsscmp@1.0.6": {
      "integrity": "sha512-LxhtAkPDTkVCMQjt2h6eBVY28KCjikZqZfMcC15YBeNjkgUpdCfBu5HoiOTDu86v6smE8yOjyEktJ8hlbANHQA=="
    },
    "type-fest@5.6.0": {
      "integrity": "sha512-8ZiHFm91orbSAe2PSAiSVBVko18pbhbiB3U9GglSzF/zCGkR+rxpHx6sEMCUm4kxY4LjDIUGgCfUMtwfZfjfUA==",
      "dependencies": [
        "tagged-tag"
      ]
    },
    "type-is@1.6.18": {
      "integrity": "sha512-TkRKr9sUTxEH8MdfuCSP7VizJyzRNMjj2J2do2Jr3Kym598JVdEksuzPQCnlFPW4ky9Q+iA+ma9BGm06XQBy8g==",
      "dependencies": [
        "media-typer@0.3.0",
        "mime-types@2.1.35"
      ]
    },
    "type-is@2.1.0": {
      "integrity": "sha512-faYHw0anBbc/kWF3zFTEnxSFOAGUX9GFbOBthvDdLsIlEoWOFOtS0zgCiQYwIskL9iGXZL3kAXD8OoZ4GmMATA==",
      "dependencies": [
        "content-type@2.0.0",
        "media-typer@1.1.0",
        "mime-types@3.0.2"
      ]
    },
    "undici-types@7.24.6": {
      "integrity": "sha512-WRNW+sJgj5OBN4/0JpHFqtqzhpbnV0GuB+OozA9gCL7a993SmU+1JBZCzLNxYsbMfIeDL+lTsphD5jN5N+n0zg=="
    },
    "unpipe@1.0.0": {
      "integrity": "sha512-pjy2bYhSsufwWlKwPc+l3cN7+wuJlK6uz0YdJEOlQDbl6jo/YlPi4mb8agUkVC8BF7V8NuzeyPNqRksA3hztKQ=="
    },
    "vary@1.1.2": {
      "integrity": "sha512-BNGbWLfd0eUPabhkXUVm0j8uuvREyTh5ovRa/dyow/BqAbZJyC+5fU+IzQOzmAKzYqYRAISoRhdQr3eIZ/PXqg=="
    },
    "wrappy@1.0.2": {
      "integrity": "sha512-l4Sp/DRseor9wL6EvV2+TuQn63dMkPjZ/sp9XkghTEbV9KlPS1xUsZ3u7/IQO4wxtcFB4bgpQPRcR3QCvezPcQ=="
    },
    "ws@8.20.1": {
      "integrity": "sha512-It4dO0K5v//JtTXuPkfEOaI3uUN87iYPnqo/ZzqCoG3g8uhA66QUMs/SrM0YK7/NAu+r4LMh/9dq2A7k+rHs+w=="
    },
    "xtend@4.0.2": {
      "integrity": "sha512-LKYU1iAXJXUgAXn9URjiu+MWhyUXHsvfp7mcuYm9dSUKK0/CjtrUwFAxD82/mCWbtLsGjFIad0wIsod4zrTAEQ=="
    },
    "yaml@2.9.0": {
      "integrity": "sha512-2AvhNX3mb8zd6Zy7INTtSpl1F15HW6Wnqj0srWlkKLcpYl/gMIMJiyuGq2KeI2YFxUPjdlB+3Lc10seMLtL4cA==",
      "bin": true
    },
    "ylru@1.4.0": {
      "integrity": "sha512-2OQsPNEmBCvXuFlIni/a+Rn+R2pHW9INm0BxXJ4hVDA8TirqMj+J/Rp9ItLatT/5pZqWwefVrTQcHpixsxnVlA=="
    },
    "zhin.js@1.0.81_pg@8.16.3": {
      "integrity": "sha512-Mrc2hzW/lgmyUdnWFajPcnThQJLKzXAg9C8NdeyVGqxYBY5SpauMXi8NpKK6+3Qw/APBY4DGUs0urPzDZNEviQ==",
      "dependencies": [
        "@zhin.js/agent@0.1.21_pg@8.16.3_zhin.js@1.0.81__pg@8.16.3",
        "@zhin.js/ai@1.1.21_zhin.js@1.0.81__pg@8.16.3",
        "@zhin.js/core@1.1.23_pg@8.16.3_zhin.js@1.0.81__pg@8.16.3",
        "@zhin.js/kernel@0.0.40_zhin.js@1.0.81__pg@8.16.3",
        "@zhin.js/logger@0.1.63_zhin.js@1.0.81__pg@8.16.3_pg@8.16.3",
        "@zhin.js/schema@1.0.63_zhin.js@1.0.81__pg@8.16.3",
        "dotenv",
        "yaml"
      ]
    },
    "zhin.js@1.0.83": {
      "integrity": "sha512-ZdZ/D1Z20JEWCtTyDBn5DgGLe6tl5yq3xpY0Yem0UezFIgG8YjMhh05waZ32nSkzgdDlvg+C0OejptxxWgWqxg==",
      "dependencies": [
        "@zhin.js/agent@0.1.23_zhin.js@1.0.83",
        "@zhin.js/ai@1.1.23_zhin.js@1.0.83",
        "@zhin.js/core@1.1.25_zhin.js@1.0.83",
        "@zhin.js/kernel@0.0.42_zhin.js@1.0.83",
        "@zhin.js/logger@0.1.65_zhin.js@1.0.83",
        "@zhin.js/schema@1.0.65_zhin.js@1.0.83",
        "dotenv",
        "yaml"
      ]
    },
    "zod@4.4.3": {
      "integrity": "sha512-ytENFjIJFl2UwYglde2jchW2Hwm4GJFLDiSXWdTrJQBIN9Fcyp7n4DhxJEiWNAJMV1/BqWfW/kkg71UDcHJyTQ=="
    }
  },
  "workspace": {
    "dependencies": [
      "npm:@zhin.js/adapter-sandbox@3.0.2",
      "npm:@zhin.js/agent@0.1.23",
      "npm:@zhin.js/ai@1.1.23",
      "npm:@zhin.js/console-types@0.1.0",
      "npm:@zhin.js/console@3.0.2",
      "npm:@zhin.js/core@1.1.25",
      "npm:@zhin.js/database@1.0.68",
      "npm:@zhin.js/http-host@0.1.2",
      "npm:@zhin.js/http@1.0.76",
      "npm:@zhin.js/kernel@0.0.42",
      "npm:@zhin.js/logger@0.1.65",
      "npm:@zhin.js/queue-runtime@0.0.1",
      "npm:@zhin.js/schema@1.0.65",
      "npm:@zhin.js/storage-port@0.0.0"
    ]
  }
}
